
Microsoft Visual Studio Solution File, Format Version 12.00
# Visual Studio Version 16
VisualStudioVersion = 16.0.32126.315
MinimumVisualStudioVersion = 10.0.40219.1
Project("{FAE04EC0-301F-11D3-BF4B-00C04F79EFBC}") = "ConsoleApp4", "ConsoleApp4\ConsoleApp4.csproj", "{8B04474F-6144-43FA-ADCF-62BD7CD3C07A}"
EndProject
Global
	GlobalSection(SolutionConfigurationPlatforms) = preSolution
		Debug|Any CPU = Debug|Any CPU
		Release|Any CPU = Release|Any CPU
	EndGlobalSection
	GlobalSection(ProjectConfigurationPlatforms) = postSolution
		{8B04474F-6144-43FA-ADCF-62BD7CD3C07A}.Debug|Any CPU.ActiveCfg = Debug|Any CPU
		{8B04474F-6144-43FA-ADCF-62BD7CD3C07A}.Debug|Any CPU.Build.0 = Debug|Any CPU
		{8B04474F-6144-43FA-ADCF-62BD7CD3C07A}.Release|Any CPU.ActiveCfg = Release|Any CPU
		{8B04474F-6144-43FA-ADCF-62BD7CD3C07A}.Release|Any CPU.Build.0 = Release|Any CPU
	EndGlobalSection
	GlobalSection(SolutionProperties) = preSolution
		HideSolutionNode = FALSE
	EndGlobalSection
	GlobalSection(ExtensibilityGlobals) = postSolution
		SolutionGuid = {5A1F5134-5B5C-4475-A340-A325892A5D12}
	EndGlobalSection
EndGlobal
